// !$*UTF8*$!
{
	archiveVersion = 1;
	classes = {
	};
	objectVersion = 46;
	objects = {

/* Begin PBXBuildFile section */
		6EA7B6FF1E76FF0500778607 /* main.cpp in Sources */ = {isa = PBXBuildFile; fileRef = 6EA7B6FE1E76FF0500778607 /* main.cpp */; };
		6EA7B7081E77067400778607 /* Map.cpp in Sources */ = {isa = PBXBuildFile; fileRef = 6EA7B7071E77067400778607 /* Map.cpp */; };
		6EA7B70A1E77068600778607 /* Location.cpp in Sources */ = {isa = PBXBuildFile; fileRef = 6EA7B7091E77068600778607 /* Location.cpp */; };
/* End PBXBuildFile section */

/* Begin PBXCopyFilesBuildPhase section */
		6EA7B6F91E76FF0200778607 /* CopyFiles */ = {
			isa = PBXCopyFilesBuildPhase;
			buildActionMask = 2147483647;
			dstPath = /usr/share/man/man1/;
			dstSubfolderSpec = 0;
			files = (
			);
			runOnlyForDeploymentPostprocessing = 1;
		};
/* End PBXCopyFilesBuildPhase section */

/* Begin PBXFileReference section */
		6EA7B6FB1E76FF0500778607 /* MapLab */ = {isa = PBXFileReference; explicitFileType = "compiled.mach-o.executable"; includeInIndex = 0; path = MapLab; sourceTree = BUILT_PRODUCTS_DIR; };
		6EA7B6FE1E76FF0500778607 /* main.cpp */ = {isa = PBXFileReference; lastKnownFileType = sourcecode.cpp.cpp; path = main.cpp; sourceTree = "<group>"; };
		6EA7B7051E7705C800778607 /* Map.h */ = {isa = PBXFileReference; lastKnownFileType = sourcecode.c.h; path = Map.h; sourceTree = "<group>"; };
		6EA7B7061E77066500778607 /* Location.h */ = {isa = PBXFileReference; lastKnownFileType = sourcecode.c.h; path = Location.h; sourceTree = "<group>"; };
		6EA7B7071E77067400778607 /* Map.cpp */ = {isa = PBXFileReference; fileEncoding = 4; lastKnownFileType = sourcecode.cpp.cpp; path = Map.cpp; sourceTree = "<group>"; };
		6EA7B7091E77068600778607 /* Location.cpp */ = {isa = PBXFileReference; fileEncoding = 4; lastKnownFileType = sourcecode.cpp.cpp; path = Location.cpp; sourceTree = "<group>"; };
/* End PBXFileReference section */

/* Begin PBXFrameworksBuildPhase section */
		6EA7B6F81E76FF0200778607 /* Frameworks */ = {
			isa = PBXFrameworksBuildPhase;
			buildActionMask = 2147483647;
			files = (
			);
			runOnlyForDeploymentPostprocessing = 0;
		};
/* End PBXFrameworksBuildPhase section */

/* Begin PBXGroup section */
		6EA7B6F21E76FF0200778607 = {
			isa = PBXGroup;
			children = (
				6EA7B6FD1E76FF0500778607 /* MapLab */,
				6EA7B6FC1E76FF0500778607 /* Products */,
			);
			sourceTree = "<group>";
		};
		6EA7B6FC1E76FF0500778607 /* Products */ = {
			isa = PBXGroup;
			children = (
				6EA7B6FB1E76FF0500778607 /* MapLab */,
			);
			name = Products;
			sourceTree = "<group>";
		};
		6EA7B6FD1E76FF0500778607 /* MapLab */ = {
			isa = PBXGroup;
			children = (
				6EA7B6FE1E76FF0500778607 /* main.cpp */,
				6EA7B7051E7705C800778607 /* Map.h */,
				6EA7B7061E77066500778607 /* Location.h */,
				6EA7B7071E77067400778607 /* Map.cpp */,
				6EA7B7091E77068600778607 /* Location.cpp */,
			);
			path = MapLab;
			sourceTree = "<group>";
		};
/* End PBXGroup section */

/* Begin PBXNativeTarget section */
		6EA7B6FA1E76FF0200778607 /* MapLab */ = {
			isa = PBXNativeTarget;
			buildConfigurationList = 6EA7B7021E76FF0500778607 /* Build configuration list for PBXNativeTarget "MapLab" */;
			buildPhases = (
				6EA7B6F71E76FF0200778607 /* Sources */,
				6EA7B6F81E76FF0200778607 /* Frameworks */,
				6EA7B6F91E76FF0200778607 /* CopyFiles */,
			);
			buildRules = (
			);
			dependencies = (
			);
			name = MapLab;
			productName = MapLab;
			productReference = 6EA7B6FB1E76FF0500778607 /* MapLab */;
			productType = "com.apple.product-type.tool";
		};
/* End PBXNativeTarget section */

/* Begin PBXProject section */
		6EA7B6F31E76FF0200778607 /* Project object */ = {
			isa = PBXProject;
			attributes = {
				LastUpgradeCheck = 0820;
				ORGANIZATIONNAME = "Trevis Jontaé Fields";
				TargetAttributes = {
					6EA7B6FA1E76FF0200778607 = {
						CreatedOnToolsVersion = 8.2.1;
						ProvisioningStyle = Automatic;
					};
				};
			};
			buildConfigurationList = 6EA7B6F61E76FF0200778607 /* Build configuration list for PBXProject "MapLab" */;
			compatibilityVersion = "Xcode 3.2";
			developmentRegion = English;
			hasScannedForEncodings = 0;
			knownRegions = (
				en,
			);
			mainGroup = 6EA7B6F21E76FF0200778607;
			productRefGroup = 6EA7B6FC1E76FF0500778607 /* Products */;
			projectDirPath = "";
			projectRoot = "";
			targets = (
				6EA7B6FA1E76FF0200778607 /* MapLab */,
			);
		};
/* End PBXProject section */

/* Begin PBXSourcesBuildPhase section */
		6EA7B6F71E76FF0200778607 /* Sources */ = {
			isa = PBXSourcesBuildPhase;
			buildActionMask = 2147483647;
			files = (
				6EA7B7081E77067400778607 /* Map.cpp in Sources */,
				6EA7B70A1E77068600778607 /* Location.cpp in Sources */,
				6EA7B6FF1E76FF0500778607 /* main.cpp in Sources */,
			);
			runOnlyForDeploymentPostprocessing = 0;
		};
/* End PBXSourcesBuildPhase section */

/* Begin XCBuildConfiguration section */
		6EA7B7001E76FF0500778607 /* Debug */ = {
			isa = XCBuildConfiguration;
			buildSettings = {
				ALWAYS_SEARCH_USER_PATHS = NO;
				CLANG_ANALYZER_NONNULL = YES;
				CLANG_CXX_LANGUAGE_STANDARD = "gnu++0x";
				CLANG_CXX_LIBRARY = "libc++";
				CLANG_ENABLE_MODULES = YES;
				CLANG_ENABLE_OBJC_ARC = YES;
				CLANG_WARN_BOOL_CONVERSION = YES;
				CLANG_WARN_CONSTANT_CONVERSION = YES;
				CLANG_WARN_DIRECT_OBJC_ISA_USAGE = YES_ERROR;
				CLANG_WARN_DOCUMENTATION_COMMENTS = YES;
				CLANG_WARN_EMPTY_BODY = YES;
				CLANG_WARN_ENUM_CONVERSION = YES;
				CLANG_WARN_INFINITE_RECURSION = YES;
				CLANG_WARN_INT_CONVERSION = YES;
				CLANG_WARN_OBJC_ROOT_CLASS = YES_ERROR;
				CLANG_WARN_SUSPICIOUS_MOVE = YES;
				CLANG_WARN_UNREACHABLE_CODE = YES;
				CLANG_WARN__DUPLICATE_METHOD_MATCH = YES;
				CODE_SIGN_IDENTITY = "-";
				COPY_PHASE_STRIP = NO;
				DEBUG_INFORMATION_FORMAT = dwarf;
				ENABLE_STRICT_OBJC_MSGSEND = YES;
				ENABLE_TESTABILITY = YES;
				GCC_C_LANGUAGE_STANDARD = gnu99;
				GCC_DYNAMIC_NO_PIC = NO;
				GCC_NO_COMMON_BLOCKS = YES;
				GCC_OPTIMIZATION_LEVEL = 0;
				GCC_PREPROCESSOR_DEFINITIONS = (
					"DEBUG=1",
					"$(inherited)",
				);
				GCC_WARN_64_TO_32_BIT_CONVERSION = YES;
				GCC_WARN_ABOUT_RETURN_TYPE = YES_ERROR;
				GCC_WARN_UNDECLARED_SELECTOR = YES;
				GCC_WARN_UNINITIALIZED_AUTOS = YES_AGGRESSIVE;
				GCC_WARN_UNUSED_FUNCTION = YES;
				GCC_WARN_UNUSED_VARIABLE = YES;
				MACOSX_DEPLOYMENT_TARGET = 10.12;
				MTL_ENABLE_DEBUG_INFO = YES;
				ONLY_ACTIVE_ARCH = YES;
				SDKROOT = macosx;
			};
			name = Debug;
		};
		6EA7B7011E76FF0500778607 /* Release */ = {
			isa = XCBuildConfiguration;
			buildSettings = {
				ALWAYS_SEARCH_USER_PATHS = NO;
				CLANG_ANALYZER_NONNULL = YES;
				CLANG_CXX_LANGUAGE_STANDARD = "gnu++0x";
				CLANG_CXX_LIBRARY = "libc++";
				CLANG_ENABLE_MODULES = YES;
				CLANG_ENABLE_OBJC_ARC = YES;
				CLANG_WARN_BOOL_CONVERSION = YES;
				CLANG_WARN_CONSTANT_CONVERSION = YES;
				CLANG_WARN_DIRECT_OBJC_ISA_USAGE = YES_ERROR;
				CLANG_WARN_DOCUMENTATION_COMMENTS = YES;
				CLANG_WARN_EMPTY_BODY = YES;
				CLANG_WARN_ENUM_CONVERSION = YES;
				CLANG_WARN_INFINITE_RECURSION = YES;
				CLANG_WARN_INT_CONVERSION = YES;
				CLANG_WARN_OBJC_ROOT_CLASS = YES_ERROR;
				CLANG_WARN_SUSPICIOUS_MOVE = YES;
				CLANG_WARN_UNREACHABLE_CODE = YES;
				CLANG_WARN__DUPLICATE_METHOD_MATCH = YES;
				CODE_SIGN_IDENTITY = "-";
				COPY_PHASE_STRIP = NO;
				DEBUG_INFORMATION_FORMAT = "dwarf-with-dsym";
				ENABLE_NS_ASSERTIONS = NO;
				ENABLE_STRICT_OBJC_MSGSEND = YES;
				GCC_C_LANGUAGE_STANDARD = gnu99;
				GCC_NO_COMMON_BLOCKS = YES;
				GCC_WARN_64_TO_32_BIT_CONVERSION = YES;
				GCC_WARN_ABOUT_RETURN_TYPE = YES_ERROR;
				GCC_WARN_UNDECLARED_SELECTOR = YES;
				GCC_WARN_UNINITIALIZED_AUTOS = YES_AGGRESSIVE;
				GCC_WARN_UNUSED_FUNCTION = YES;
				GCC_WARN_UNUSED_VARIABLE = YES;
				MACOSX_DEPLOYMENT_TARGET = 10.12;
				MTL_ENABLE_DEBUG_INFO = NO;
				SDKROOT = macosx;
			};
			name = Release;
		};
		6EA7B7031E76FF0500778607 /* Debug */ = {
			isa = XCBuildConfiguration;
			buildSettings = {
				PRODUCT_NAME = "$(TARGET_NAME)";
			};
			name = Debug;
		};
		6EA7B7041E76FF0500778607 /* Release */ = {
			isa = XCBuildConfiguration;
			buildSettings = {
				PRODUCT_NAME = "$(TARGET_NAME)";
			};
			name = Release;
		};
/* End XCBuildConfiguration section */

/* Begin XCConfigurationList section */
		6EA7B6F61E76FF0200778607 /* Build configuration list for PBXProject "MapLab" */ = {
			isa = XCConfigurationList;
			buildConfigurations = (
				6EA7B7001E76FF0500778607 /* Debug */,
				6EA7B7011E76FF0500778607 /* Release */,
			);
			defaultConfigurationIsVisible = 0;
			defaultConfigurationName = Release;
		};
		6EA7B7021E76FF0500778607 /* Build configuration list for PBXNativeTarget "MapLab" */ = {
			isa = XCConfigurationList;
			buildConfigurations = (
				6EA7B7031E76FF0500778607 /* Debug */,
				6EA7B7041E76FF0500778607 /* Release */,
			);
			defaultConfigurationIsVisible = 0;
		};
/* End XCConfigurationList section */
	};
	rootObject = 6EA7B6F31E76FF0200778607 /* Project object */;
}
